
Microsoft Visual Studio Solution File, Format Version 12.00
# Visual Studio Version 17
VisualStudioVersion = 17.3.32811.315
MinimumVisualStudioVersion = 10.0.40219.1
Project("{8BC9CEB8-8B4A-11D0-8D11-00A0C91BC942}") = "ConsoleApplication1", "ConsoleApplication1\ConsoleApplication1.vcxproj", "{B23374FF-7E49-4776-9160-40E7877F4042}"
EndProject
Project("{8BC9CEB8-8B4A-11D0-8D11-00A0C91BC942}") = "ConsoleApplication2", "ConsoleApplication2\ConsoleApplication2.vcxproj", "{F3D46D8E-5517-4E22-93F8-029580FCF04C}"
EndProject
Global
	GlobalSection(SolutionConfigurationPlatforms) = preSolution
		Debug|x64 = Debug|x64
		Debug|x86 = Debug|x86
		Release|x64 = Release|x64
		Release|x86 = Release|x86
	EndGlobalSection
	GlobalSection(ProjectConfigurationPlatforms) = postSolution
		{B23374FF-7E49-4776-9160-40E7877F4042}.Debug|x64.ActiveCfg = Debug|x64
		{B23374FF-7E49-4776-9160-40E7877F4042}.Debug|x64.Build.0 = Debug|x64
		{B23374FF-7E49-4776-9160-40E7877F4042}.Debug|x86.ActiveCfg = Debug|Win32
		{B23374FF-7E49-4776-9160-40E7877F4042}.Debug|x86.Build.0 = Debug|Win32
		{B23374FF-7E49-4776-9160-40E7877F4042}.Release|x64.ActiveCfg = Release|x64
		{B23374FF-7E49-4776-9160-40E7877F4042}.Release|x64.Build.0 = Release|x64
		{B23374FF-7E49-4776-9160-40E7877F4042}.Release|x86.ActiveCfg = Release|Win32
		{B23374FF-7E49-4776-9160-40E7877F4042}.Release|x86.Build.0 = Release|Win32
		{F3D46D8E-5517-4E22-93F8-029580FCF04C}.Debug|x64.ActiveCfg = Debug|x64
		{F3D46D8E-5517-4E22-93F8-029580FCF04C}.Debug|x64.Build.0 = Debug|x64
		{F3D46D8E-5517-4E22-93F8-029580FCF04C}.Debug|x86.ActiveCfg = Debug|Win32
		{F3D46D8E-5517-4E22-93F8-029580FCF04C}.Debug|x86.Build.0 = Debug|Win32
		{F3D46D8E-5517-4E22-93F8-029580FCF04C}.Release|x64.ActiveCfg = Release|x64
		{F3D46D8E-5517-4E22-93F8-029580FCF04C}.Release|x64.Build.0 = Release|x64
		{F3D46D8E-5517-4E22-93F8-029580FCF04C}.Release|x86.ActiveCfg = Release|Win32
		{F3D46D8E-5517-4E22-93F8-029580FCF04C}.Release|x86.Build.0 = Release|Win32
	EndGlobalSection
	GlobalSection(SolutionProperties) = preSolution
		HideSolutionNode = FALSE
	EndGlobalSection
	GlobalSection(ExtensibilityGlobals) = postSolution
		SolutionGuid = {4392663B-DD4D-4E39-A436-79F16EA79BBA}
	EndGlobalSection
EndGlobal
